<?xml version="1.0" encoding="utf-8"?>
<Project ToolsVersion="4.0" xmlns="http://schemas.microsoft.com/developer/msbuild/2003">
  <ItemGroup>
    <Filter Include="소스 파일">
      <UniqueIdentifier>{4FC737F1-C7A5-4376-A066-2A32D752A2FF}</UniqueIdentifier>
      <Extensions>cpp;c;cc;cxx;c++;cppm;ixx;def;odl;idl;hpj;bat;asm;asmx</Extensions>
    </Filter>
    <Filter Include="헤더 파일">
      <UniqueIdentifier>{93995380-89BD-4b04-88EB-625FBE52EBFB}</UniqueIdentifier>
      <Extensions>h;hh;hpp;hxx;h++;hm;inl;inc;ipp;xsd</Extensions>
    </Filter>
    <Filter Include="리소스 파일">
      <UniqueIdentifier>{67DA6AB6-F800-4c08-8B7A-83BB121AAD01}</UniqueIdentifier>
      <Extensions>rc;ico;cur;bmp;dlg;rc2;rct;bin;rgs;gif;jpg;jpeg;jpe;resx;tiff;tif;png;wav;mfcribbon-ms</Extensions>
    </Filter>
    <Filter Include="헤더 파일\impl_engine">
      <UniqueIdentifier>{22606f30-0ff5-47ac-a0f1-9c5e4dbd0683}</UniqueIdentifier>
    </Filter>
    <Filter Include="헤더 파일\impl_app">
      <UniqueIdentifier>{4ead32ed-697c-4a3a-84ef-a0da1b1f26e9}</UniqueIdentifier>
    </Filter>
    <Filter Include="헤더 파일\impl_engine\IO">
      <UniqueIdentifier>{927b608b-1a8f-4d81-994c-325365cb37b0}</UniqueIdentifier>
    </Filter>
    <Filter Include="헤더 파일\impl_engine\Audio">
      <UniqueIdentifier>{380fa874-e767-42e8-81cc-5bad92bd469b}</UniqueIdentifier>
    </Filter>
    <Filter Include="헤더 파일\impl_engine\GUI">
      <UniqueIdentifier>{5d3d0ebf-bf1c-4fa5-af14-70a55e120614}</UniqueIdentifier>
    </Filter>
  </ItemGroup>
  <ItemGroup>
    <ClInclude Include="djsw_interface.h">
      <Filter>헤더 파일</Filter>
    </ClInclude>
    <ClInclude Include="djsw_iofncode.h">
      <Filter>헤더 파일</Filter>
    </ClInclude>
    <ClInclude Include="djsw_errorcode.h">
      <Filter>헤더 파일</Filter>
    </ClInclude>
    <ClInclude Include="djsw_type.h">
      <Filter>헤더 파일</Filter>
    </ClInclude>
    <ClInclude Include="djsw_pipeline.h">
      <Filter>헤더 파일\impl_app</Filter>
    </ClInclude>
    <ClInclude Include="djsw_io.h">
      <Filter>헤더 파일\impl_engine\IO</Filter>
    </ClInclude>
  </ItemGroup>
  <ItemGroup>
    <ClCompile Include="djsw_interface.cpp">
      <Filter>소스 파일</Filter>
    </ClCompile>
    <ClCompile Include="djsw_io.cpp">
      <Filter>소스 파일</Filter>
    </ClCompile>
  </ItemGroup>
</Project>